
Microsoft Visual Studio Solution File, Format Version 12.00
# Visual Studio Version 17
VisualStudioVersion = 17.5.33627.172
MinimumVisualStudioVersion = 10.0.40219.1
Project("{FAE04EC0-301F-11D3-BF4B-00C04F79EFBC}") = "CpuInfo", "CpuInfo\CpuInfo.csproj", "{99952E7A-3E0F-4BBD-B062-C7C980CA8AC5}"
EndProject
Global
	GlobalSection(SolutionConfigurationPlatforms) = preSolution
		Debug|Any CPU = Debug|Any CPU
		Release|Any CPU = Release|Any CPU
	EndGlobalSection
	GlobalSection(ProjectConfigurationPlatforms) = postSolution
		{99952E7A-3E0F-4BBD-B062-C7C980CA8AC5}.Debug|Any CPU.ActiveCfg = Debug|Any CPU
		{99952E7A-3E0F-4BBD-B062-C7C980CA8AC5}.Debug|Any CPU.Build.0 = Debug|Any CPU
		{99952E7A-3E0F-4BBD-B062-C7C980CA8AC5}.Release|Any CPU.ActiveCfg = Release|Any CPU
		{99952E7A-3E0F-4BBD-B062-C7C980CA8AC5}.Release|Any CPU.Build.0 = Release|Any CPU
	EndGlobalSection
	GlobalSection(SolutionProperties) = preSolution
		HideSolutionNode = FALSE
	EndGlobalSection
	GlobalSection(ExtensibilityGlobals) = postSolution
		SolutionGuid = {B10E29F3-B054-44D8-9353-0FC1449A0F57}
	EndGlobalSection
EndGlobal
